
Microsoft Visual Studio Solution File, Format Version 12.00
# Visual Studio 2013
VisualStudioVersion = 12.0.21005.1
MinimumVisualStudioVersion = 10.0.40219.1
Project("{FAE04EC0-301F-11D3-BF4B-00C04F79EFBC}") = "8 Problems", "8 Problems\8 Problems.csproj", "{C09966C0-8B0E-4502-ADB3-8E3C59A289FD}"
EndProject
Global
	GlobalSection(SolutionConfigurationPlatforms) = preSolution
		Debug|Any CPU = Debug|Any CPU
		Release|Any CPU = Release|Any CPU
	EndGlobalSection
	GlobalSection(ProjectConfigurationPlatforms) = postSolution
		{C09966C0-8B0E-4502-ADB3-8E3C59A289FD}.Debug|Any CPU.ActiveCfg = Debug|Any CPU
		{C09966C0-8B0E-4502-ADB3-8E3C59A289FD}.Debug|Any CPU.Build.0 = Debug|Any CPU
		{C09966C0-8B0E-4502-ADB3-8E3C59A289FD}.Release|Any CPU.ActiveCfg = Release|Any CPU
		{C09966C0-8B0E-4502-ADB3-8E3C59A289FD}.Release|Any CPU.Build.0 = Release|Any CPU
	EndGlobalSection
	GlobalSection(SolutionProperties) = preSolution
		HideSolutionNode = FALSE
	EndGlobalSection
EndGlobal
